
Microsoft Visual Studio Solution File, Format Version 12.00
# Visual Studio Version 17
VisualStudioVersion = 17.14.36301.6
MinimumVisualStudioVersion = 10.0.40219.1
Project("{2150E333-8FDC-42A3-9474-1A3956D46DE8}") = "1- Web", "1- Web", "{02EA681E-C7D8-13C7-8484-4AC65E1B71E8}"
EndProject
Project("{2150E333-8FDC-42A3-9474-1A3956D46DE8}") = "2- API", "2- API", "{34C29ED1-4A4B-4118-82A2-06C57016EC78}"
EndProject
Project("{2150E333-8FDC-42A3-9474-1A3956D46DE8}") = "4- Servicios", "4- Servicios", "{BDF24109-CEF3-45B1-820B-C5FEDA2DEA91}"
EndProject
Project("{2150E333-8FDC-42A3-9474-1A3956D46DE8}") = "5- Aplicacion", "5- Aplicacion", "{A4B0EA19-69FA-4B7F-A421-B41F34CFF921}"
EndProject
Project("{2150E333-8FDC-42A3-9474-1A3956D46DE8}") = "5- Infrastructure", "5- Infrastructure", "{5B8831E3-C433-4CCE-90E3-1547DCF4C6FB}"
EndProject
Project("{2150E333-8FDC-42A3-9474-1A3956D46DE8}") = "5.2- Data", "5.2- Data", "{464AB92E-FB0F-45C6-9A4A-A2DA7EB69BD2}"
EndProject
Project("{2150E333-8FDC-42A3-9474-1A3956D46DE8}") = "6- CrossCutting", "6- CrossCutting", "{DCB7BBC7-42BA-4444-A717-57CF12DB4E0B}"
EndProject
Project("{2150E333-8FDC-42A3-9474-1A3956D46DE8}") = "1.1 -Mvc", "1.1 -Mvc", "{9AD7BDF6-3DCA-46CC-B5B0-741235A9DCFA}"
EndProject
Project("{2150E333-8FDC-42A3-9474-1A3956D46DE8}") = "5.1- Repository", "5.1- Repository", "{0BDD966C-D247-4275-BA75-D7B9A6D323F3}"
EndProject
Project("{2150E333-8FDC-42A3-9474-1A3956D46DE8}") = "4.1- DTOS", "4.1- DTOS", "{8C670F2A-C264-4505-83A8-F9BBDB45CE05}"
EndProject
Project("{FAE04EC0-301F-11D3-BF4B-00C04F79EFBC}") = "ProyectoWeb.Data", "ProyectoWeb.Data\ProyectoWeb.Data.csproj", "{34AB908A-0E1C-4B3C-8C18-640F39EA3FE2}"
EndProject
Project("{FAE04EC0-301F-11D3-BF4B-00C04F79EFBC}") = "ProyectoWeb.Api", "ProyectoWeb.Api\ProyectoWeb.Api.csproj", "{2418F3F4-871B-470A-9516-D9163175FAFB}"
EndProject
Project("{FAE04EC0-301F-11D3-BF4B-00C04F79EFBC}") = "ProyectoWeb.Service", "ProyectoWeb.Service\ProyectoWeb.Service.csproj", "{734649DB-8731-4B80-8F5A-D20F7EAB784A}"
EndProject
Project("{FAE04EC0-301F-11D3-BF4B-00C04F79EFBC}") = "ProyectoWeb.DTO", "ProyectoWeb.DTO\ProyectoWeb.DTO.csproj", "{A4C730CC-F54C-4F1E-A6DC-75A203FD9AAA}"
EndProject
Project("{FAE04EC0-301F-11D3-BF4B-00C04F79EFBC}") = "ProyectoWeb.Interface", "ProyectoWeb.Interface\ProyectoWeb.Interface.csproj", "{C31C1B6F-9E92-4071-8345-3B6D26EFED91}"
EndProject
Project("{2150E333-8FDC-42A3-9474-1A3956D46DE8}") = "3.- Interface", "3.- Interface", "{6F9DE281-2A6B-4A9A-86CE-084055DCD133}"
EndProject
Project("{FAE04EC0-301F-11D3-BF4B-00C04F79EFBC}") = "ProyectoWeb.Repository", "ProyectoWeb.Repository\ProyectoWeb.Repository.csproj", "{E91364A6-BEB5-4C4B-94FA-37E6C93E20FE}"
EndProject
Project("{FAE04EC0-301F-11D3-BF4B-00C04F79EFBC}") = "ProyectoWeb.ApiWeb", "ProyectoWeb.ApiWeb\ProyectoWeb.ApiWeb.csproj", "{DB1CE3A6-BBE4-7DA0-25E4-97B459A58C67}"
EndProject
Project("{FAE04EC0-301F-11D3-BF4B-00C04F79EFBC}") = "ProyectoWeb.CrossCutting", "..\ProyectoWeb.CrossCutting\ProyectoWeb.CrossCutting.csproj", "{1A9378CC-2C7D-4BED-A6C8-F3E05492CC0C}"
EndProject
Project("{2150E333-8FDC-42A3-9474-1A3956D46DE8}") = "1.0-Angular", "1.0-Angular", "{629E27F7-CECA-436A-BEF8-798ECC65F6CF}"
EndProject
Global
	GlobalSection(SolutionConfigurationPlatforms) = preSolution
		Debug|Any CPU = Debug|Any CPU
		Release|Any CPU = Release|Any CPU
	EndGlobalSection
	GlobalSection(ProjectConfigurationPlatforms) = postSolution
		{34AB908A-0E1C-4B3C-8C18-640F39EA3FE2}.Debug|Any CPU.ActiveCfg = Debug|Any CPU
		{34AB908A-0E1C-4B3C-8C18-640F39EA3FE2}.Debug|Any CPU.Build.0 = Debug|Any CPU
		{34AB908A-0E1C-4B3C-8C18-640F39EA3FE2}.Release|Any CPU.ActiveCfg = Release|Any CPU
		{34AB908A-0E1C-4B3C-8C18-640F39EA3FE2}.Release|Any CPU.Build.0 = Release|Any CPU
		{2418F3F4-871B-470A-9516-D9163175FAFB}.Debug|Any CPU.ActiveCfg = Debug|Any CPU
		{2418F3F4-871B-470A-9516-D9163175FAFB}.Debug|Any CPU.Build.0 = Debug|Any CPU
		{2418F3F4-871B-470A-9516-D9163175FAFB}.Release|Any CPU.ActiveCfg = Release|Any CPU
		{2418F3F4-871B-470A-9516-D9163175FAFB}.Release|Any CPU.Build.0 = Release|Any CPU
		{734649DB-8731-4B80-8F5A-D20F7EAB784A}.Debug|Any CPU.ActiveCfg = Debug|Any CPU
		{734649DB-8731-4B80-8F5A-D20F7EAB784A}.Debug|Any CPU.Build.0 = Debug|Any CPU
		{734649DB-8731-4B80-8F5A-D20F7EAB784A}.Release|Any CPU.ActiveCfg = Release|Any CPU
		{734649DB-8731-4B80-8F5A-D20F7EAB784A}.Release|Any CPU.Build.0 = Release|Any CPU
		{A4C730CC-F54C-4F1E-A6DC-75A203FD9AAA}.Debug|Any CPU.ActiveCfg = Debug|Any CPU
		{A4C730CC-F54C-4F1E-A6DC-75A203FD9AAA}.Debug|Any CPU.Build.0 = Debug|Any CPU
		{A4C730CC-F54C-4F1E-A6DC-75A203FD9AAA}.Release|Any CPU.ActiveCfg = Release|Any CPU
		{A4C730CC-F54C-4F1E-A6DC-75A203FD9AAA}.Release|Any CPU.Build.0 = Release|Any CPU
		{C31C1B6F-9E92-4071-8345-3B6D26EFED91}.Debug|Any CPU.ActiveCfg = Debug|Any CPU
		{C31C1B6F-9E92-4071-8345-3B6D26EFED91}.Debug|Any CPU.Build.0 = Debug|Any CPU
		{C31C1B6F-9E92-4071-8345-3B6D26EFED91}.Release|Any CPU.ActiveCfg = Release|Any CPU
		{C31C1B6F-9E92-4071-8345-3B6D26EFED91}.Release|Any CPU.Build.0 = Release|Any CPU
		{E91364A6-BEB5-4C4B-94FA-37E6C93E20FE}.Debug|Any CPU.ActiveCfg = Debug|Any CPU
		{E91364A6-BEB5-4C4B-94FA-37E6C93E20FE}.Debug|Any CPU.Build.0 = Debug|Any CPU
		{E91364A6-BEB5-4C4B-94FA-37E6C93E20FE}.Release|Any CPU.ActiveCfg = Release|Any CPU
		{E91364A6-BEB5-4C4B-94FA-37E6C93E20FE}.Release|Any CPU.Build.0 = Release|Any CPU
		{DB1CE3A6-BBE4-7DA0-25E4-97B459A58C67}.Debug|Any CPU.ActiveCfg = Debug|Any CPU
		{DB1CE3A6-BBE4-7DA0-25E4-97B459A58C67}.Debug|Any CPU.Build.0 = Debug|Any CPU
		{DB1CE3A6-BBE4-7DA0-25E4-97B459A58C67}.Release|Any CPU.ActiveCfg = Release|Any CPU
		{DB1CE3A6-BBE4-7DA0-25E4-97B459A58C67}.Release|Any CPU.Build.0 = Release|Any CPU
		{1A9378CC-2C7D-4BED-A6C8-F3E05492CC0C}.Debug|Any CPU.ActiveCfg = Debug|Any CPU
		{1A9378CC-2C7D-4BED-A6C8-F3E05492CC0C}.Debug|Any CPU.Build.0 = Debug|Any CPU
		{1A9378CC-2C7D-4BED-A6C8-F3E05492CC0C}.Release|Any CPU.ActiveCfg = Release|Any CPU
		{1A9378CC-2C7D-4BED-A6C8-F3E05492CC0C}.Release|Any CPU.Build.0 = Release|Any CPU
	EndGlobalSection
	GlobalSection(SolutionProperties) = preSolution
		HideSolutionNode = FALSE
	EndGlobalSection
	GlobalSection(NestedProjects) = preSolution
		{464AB92E-FB0F-45C6-9A4A-A2DA7EB69BD2} = {5B8831E3-C433-4CCE-90E3-1547DCF4C6FB}
		{9AD7BDF6-3DCA-46CC-B5B0-741235A9DCFA} = {02EA681E-C7D8-13C7-8484-4AC65E1B71E8}
		{0BDD966C-D247-4275-BA75-D7B9A6D323F3} = {5B8831E3-C433-4CCE-90E3-1547DCF4C6FB}
		{8C670F2A-C264-4505-83A8-F9BBDB45CE05} = {A4B0EA19-69FA-4B7F-A421-B41F34CFF921}
		{34AB908A-0E1C-4B3C-8C18-640F39EA3FE2} = {464AB92E-FB0F-45C6-9A4A-A2DA7EB69BD2}
		{2418F3F4-871B-470A-9516-D9163175FAFB} = {34C29ED1-4A4B-4118-82A2-06C57016EC78}
		{734649DB-8731-4B80-8F5A-D20F7EAB784A} = {BDF24109-CEF3-45B1-820B-C5FEDA2DEA91}
		{A4C730CC-F54C-4F1E-A6DC-75A203FD9AAA} = {8C670F2A-C264-4505-83A8-F9BBDB45CE05}
		{C31C1B6F-9E92-4071-8345-3B6D26EFED91} = {6F9DE281-2A6B-4A9A-86CE-084055DCD133}
		{E91364A6-BEB5-4C4B-94FA-37E6C93E20FE} = {0BDD966C-D247-4275-BA75-D7B9A6D323F3}
		{DB1CE3A6-BBE4-7DA0-25E4-97B459A58C67} = {34C29ED1-4A4B-4118-82A2-06C57016EC78}
		{1A9378CC-2C7D-4BED-A6C8-F3E05492CC0C} = {DCB7BBC7-42BA-4444-A717-57CF12DB4E0B}
		{629E27F7-CECA-436A-BEF8-798ECC65F6CF} = {02EA681E-C7D8-13C7-8484-4AC65E1B71E8}
	EndGlobalSection
	GlobalSection(ExtensibilityGlobals) = postSolution
		SolutionGuid = {C120F0F3-B035-43AC-9598-7FBE60213AE0}
	EndGlobalSection
EndGlobal
